{
  "name": "AMI",
  "version": "1.0.0",
  "lockfileVersion": 1,
  "requires": true,
  "dependencies": {
    "asterisk-manager": {
      "version": "0.1.16",
      "resolved": "https://registry.npmjs.org/asterisk-manager/-/asterisk-manager-0.1.16.tgz",
      "integrity": "sha512-JxcgSutGhz6B2XtYkqkOI/sRH3hCGHmeNXuqNBw1JMtDMrRzpfuXB0keH4ouRtQPxdb2LIj83RWdR5uVnFim9A=="
    }
  }
}
